
Microsoft Visual Studio Solution File, Format Version 12.00
# Visual Studio Version 17
VisualStudioVersion = 17.0.31717.71
MinimumVisualStudioVersion = 10.0.40219.1
Project("{8BC9CEB8-8B4A-11D0-8D11-00A0C91BC942}") = "Q1", "Q1\Q1.vcxproj", "{14CA9AD5-224A-41AB-AF5B-81C39A1CC291}"
EndProject
Project("{8BC9CEB8-8B4A-11D0-8D11-00A0C91BC942}") = "Q2", "Q2\Q2.vcxproj", "{3B331199-6AFF-4BAD-B7FC-77989623E363}"
EndProject
Project("{8BC9CEB8-8B4A-11D0-8D11-00A0C91BC942}") = "data_structure_template", "data_structure_template\data_structure_template.vcxproj", "{CB8C4ABE-BD39-4E79-8FF4-462DDA3BB069}"
EndProject
Project("{8BC9CEB8-8B4A-11D0-8D11-00A0C91BC942}") = "Q3", "Q3\Q3.vcxproj", "{230CFFB2-2D92-483A-9572-F51365A9DE02}"
EndProject
Project("{8BC9CEB8-8B4A-11D0-8D11-00A0C91BC942}") = "Q4", "Q4\Q4.vcxproj", "{97B30D99-52A3-4278-AE60-D71ED4220AAA}"
EndProject
Project("{8BC9CEB8-8B4A-11D0-8D11-00A0C91BC942}") = "Q6", "Q6\Q6.vcxproj", "{099B9BE7-A152-4D47-A486-16308CFDB48F}"
EndProject
Project("{8BC9CEB8-8B4A-11D0-8D11-00A0C91BC942}") = "Q7", "Q7\Q7.vcxproj", "{A4B9210B-129E-44A6-B136-C1B9DC194C4D}"
EndProject
Project("{8BC9CEB8-8B4A-11D0-8D11-00A0C91BC942}") = "Q8", "Q8\Q8.vcxproj", "{8210785A-548C-49ED-BCD4-0272C9EF0D05}"
EndProject
Project("{8BC9CEB8-8B4A-11D0-8D11-00A0C91BC942}") = "Q9", "Q9\Q9.vcxproj", "{906094C9-512A-47E8-9D2B-F6F340943C6A}"
EndProject
Project("{8BC9CEB8-8B4A-11D0-8D11-00A0C91BC942}") = "Q10", "Q10\Q10.vcxproj", "{06B15ECD-AD17-436D-9C61-3EE07EC11D0C}"
EndProject
Project("{8BC9CEB8-8B4A-11D0-8D11-00A0C91BC942}") = "Q4多线程", "Q4多线程\Q4多线程.vcxproj", "{CA155844-7879-4945-A156-877E07C84A97}"
EndProject
Project("{8BC9CEB8-8B4A-11D0-8D11-00A0C91BC942}") = "Q5", "Q5\Q5.vcxproj", "{70CEFCCA-CC96-482D-AC66-BFD972BF7AF0}"
EndProject
Global
	GlobalSection(SolutionConfigurationPlatforms) = preSolution
		Debug|x64 = Debug|x64
		Debug|x86 = Debug|x86
		Release|x64 = Release|x64
		Release|x86 = Release|x86
	EndGlobalSection
	GlobalSection(ProjectConfigurationPlatforms) = postSolution
		{14CA9AD5-224A-41AB-AF5B-81C39A1CC291}.Debug|x64.ActiveCfg = Debug|x64
		{14CA9AD5-224A-41AB-AF5B-81C39A1CC291}.Debug|x64.Build.0 = Debug|x64
		{14CA9AD5-224A-41AB-AF5B-81C39A1CC291}.Debug|x86.ActiveCfg = Debug|Win32
		{14CA9AD5-224A-41AB-AF5B-81C39A1CC291}.Debug|x86.Build.0 = Debug|Win32
		{14CA9AD5-224A-41AB-AF5B-81C39A1CC291}.Release|x64.ActiveCfg = Release|x64
		{14CA9AD5-224A-41AB-AF5B-81C39A1CC291}.Release|x64.Build.0 = Release|x64
		{14CA9AD5-224A-41AB-AF5B-81C39A1CC291}.Release|x86.ActiveCfg = Release|Win32
		{14CA9AD5-224A-41AB-AF5B-81C39A1CC291}.Release|x86.Build.0 = Release|Win32
		{3B331199-6AFF-4BAD-B7FC-77989623E363}.Debug|x64.ActiveCfg = Debug|x64
		{3B331199-6AFF-4BAD-B7FC-77989623E363}.Debug|x64.Build.0 = Debug|x64
		{3B331199-6AFF-4BAD-B7FC-77989623E363}.Debug|x86.ActiveCfg = Debug|Win32
		{3B331199-6AFF-4BAD-B7FC-77989623E363}.Debug|x86.Build.0 = Debug|Win32
		{3B331199-6AFF-4BAD-B7FC-77989623E363}.Release|x64.ActiveCfg = Release|x64
		{3B331199-6AFF-4BAD-B7FC-77989623E363}.Release|x64.Build.0 = Release|x64
		{3B331199-6AFF-4BAD-B7FC-77989623E363}.Release|x86.ActiveCfg = Release|Win32
		{3B331199-6AFF-4BAD-B7FC-77989623E363}.Release|x86.Build.0 = Release|Win32
		{CB8C4ABE-BD39-4E79-8FF4-462DDA3BB069}.Debug|x64.ActiveCfg = Debug|x64
		{CB8C4ABE-BD39-4E79-8FF4-462DDA3BB069}.Debug|x64.Build.0 = Debug|x64
		{CB8C4ABE-BD39-4E79-8FF4-462DDA3BB069}.Debug|x86.ActiveCfg = Debug|Win32
		{CB8C4ABE-BD39-4E79-8FF4-462DDA3BB069}.Debug|x86.Build.0 = Debug|Win32
		{CB8C4ABE-BD39-4E79-8FF4-462DDA3BB069}.Release|x64.ActiveCfg = Release|x64
		{CB8C4ABE-BD39-4E79-8FF4-462DDA3BB069}.Release|x64.Build.0 = Release|x64
		{CB8C4ABE-BD39-4E79-8FF4-462DDA3BB069}.Release|x86.ActiveCfg = Release|Win32
		{CB8C4ABE-BD39-4E79-8FF4-462DDA3BB069}.Release|x86.Build.0 = Release|Win32
		{230CFFB2-2D92-483A-9572-F51365A9DE02}.Debug|x64.ActiveCfg = Debug|x64
		{230CFFB2-2D92-483A-9572-F51365A9DE02}.Debug|x64.Build.0 = Debug|x64
		{230CFFB2-2D92-483A-9572-F51365A9DE02}.Debug|x86.ActiveCfg = Debug|Win32
		{230CFFB2-2D92-483A-9572-F51365A9DE02}.Debug|x86.Build.0 = Debug|Win32
		{230CFFB2-2D92-483A-9572-F51365A9DE02}.Release|x64.ActiveCfg = Release|x64
		{230CFFB2-2D92-483A-9572-F51365A9DE02}.Release|x64.Build.0 = Release|x64
		{230CFFB2-2D92-483A-9572-F51365A9DE02}.Release|x86.ActiveCfg = Release|Win32
		{230CFFB2-2D92-483A-9572-F51365A9DE02}.Release|x86.Build.0 = Release|Win32
		{97B30D99-52A3-4278-AE60-D71ED4220AAA}.Debug|x64.ActiveCfg = Debug|x64
		{97B30D99-52A3-4278-AE60-D71ED4220AAA}.Debug|x64.Build.0 = Debug|x64
		{97B30D99-52A3-4278-AE60-D71ED4220AAA}.Debug|x86.ActiveCfg = Debug|Win32
		{97B30D99-52A3-4278-AE60-D71ED4220AAA}.Debug|x86.Build.0 = Debug|Win32
		{97B30D99-52A3-4278-AE60-D71ED4220AAA}.Release|x64.ActiveCfg = Release|x64
		{97B30D99-52A3-4278-AE60-D71ED4220AAA}.Release|x64.Build.0 = Release|x64
		{97B30D99-52A3-4278-AE60-D71ED4220AAA}.Release|x86.ActiveCfg = Release|Win32
		{97B30D99-52A3-4278-AE60-D71ED4220AAA}.Release|x86.Build.0 = Release|Win32
		{099B9BE7-A152-4D47-A486-16308CFDB48F}.Debug|x64.ActiveCfg = Debug|x64
		{099B9BE7-A152-4D47-A486-16308CFDB48F}.Debug|x64.Build.0 = Debug|x64
		{099B9BE7-A152-4D47-A486-16308CFDB48F}.Debug|x86.ActiveCfg = Debug|Win32
		{099B9BE7-A152-4D47-A486-16308CFDB48F}.Debug|x86.Build.0 = Debug|Win32
		{099B9BE7-A152-4D47-A486-16308CFDB48F}.Release|x64.ActiveCfg = Release|x64
		{099B9BE7-A152-4D47-A486-16308CFDB48F}.Release|x64.Build.0 = Release|x64
		{099B9BE7-A152-4D47-A486-16308CFDB48F}.Release|x86.ActiveCfg = Release|Win32
		{099B9BE7-A152-4D47-A486-16308CFDB48F}.Release|x86.Build.0 = Release|Win32
		{A4B9210B-129E-44A6-B136-C1B9DC194C4D}.Debug|x64.ActiveCfg = Debug|x64
		{A4B9210B-129E-44A6-B136-C1B9DC194C4D}.Debug|x64.Build.0 = Debug|x64
		{A4B9210B-129E-44A6-B136-C1B9DC194C4D}.Debug|x86.ActiveCfg = Debug|Win32
		{A4B9210B-129E-44A6-B136-C1B9DC194C4D}.Debug|x86.Build.0 = Debug|Win32
		{A4B9210B-129E-44A6-B136-C1B9DC194C4D}.Release|x64.ActiveCfg = Release|x64
		{A4B9210B-129E-44A6-B136-C1B9DC194C4D}.Release|x64.Build.0 = Release|x64
		{A4B9210B-129E-44A6-B136-C1B9DC194C4D}.Release|x86.ActiveCfg = Release|Win32
		{A4B9210B-129E-44A6-B136-C1B9DC194C4D}.Release|x86.Build.0 = Release|Win32
		{8210785A-548C-49ED-BCD4-0272C9EF0D05}.Debug|x64.ActiveCfg = Debug|x64
		{8210785A-548C-49ED-BCD4-0272C9EF0D05}.Debug|x64.Build.0 = Debug|x64
		{8210785A-548C-49ED-BCD4-0272C9EF0D05}.Debug|x86.ActiveCfg = Debug|Win32
		{8210785A-548C-49ED-BCD4-0272C9EF0D05}.Debug|x86.Build.0 = Debug|Win32
		{8210785A-548C-49ED-BCD4-0272C9EF0D05}.Release|x64.ActiveCfg = Release|x64
		{8210785A-548C-49ED-BCD4-0272C9EF0D05}.Release|x64.Build.0 = Release|x64
		{8210785A-548C-49ED-BCD4-0272C9EF0D05}.Release|x86.ActiveCfg = Release|Win32
		{8210785A-548C-49ED-BCD4-0272C9EF0D05}.Release|x86.Build.0 = Release|Win32
		{906094C9-512A-47E8-9D2B-F6F340943C6A}.Debug|x64.ActiveCfg = Debug|x64
		{906094C9-512A-47E8-9D2B-F6F340943C6A}.Debug|x64.Build.0 = Debug|x64
		{906094C9-512A-47E8-9D2B-F6F340943C6A}.Debug|x86.ActiveCfg = Debug|Win32
		{906094C9-512A-47E8-9D2B-F6F340943C6A}.Debug|x86.Build.0 = Debug|Win32
		{906094C9-512A-47E8-9D2B-F6F340943C6A}.Release|x64.ActiveCfg = Release|x64
		{906094C9-512A-47E8-9D2B-F6F340943C6A}.Release|x64.Build.0 = Release|x64
		{906094C9-512A-47E8-9D2B-F6F340943C6A}.Release|x86.ActiveCfg = Release|Win32
		{906094C9-512A-47E8-9D2B-F6F340943C6A}.Release|x86.Build.0 = Release|Win32
		{06B15ECD-AD17-436D-9C61-3EE07EC11D0C}.Debug|x64.ActiveCfg = Debug|x64
		{06B15ECD-AD17-436D-9C61-3EE07EC11D0C}.Debug|x64.Build.0 = Debug|x64
		{06B15ECD-AD17-436D-9C61-3EE07EC11D0C}.Debug|x86.ActiveCfg = Debug|Win32
		{06B15ECD-AD17-436D-9C61-3EE07EC11D0C}.Debug|x86.Build.0 = Debug|Win32
		{06B15ECD-AD17-436D-9C61-3EE07EC11D0C}.Release|x64.ActiveCfg = Release|x64
		{06B15ECD-AD17-436D-9C61-3EE07EC11D0C}.Release|x64.Build.0 = Release|x64
		{06B15ECD-AD17-436D-9C61-3EE07EC11D0C}.Release|x86.ActiveCfg = Release|Win32
		{06B15ECD-AD17-436D-9C61-3EE07EC11D0C}.Release|x86.Build.0 = Release|Win32
		{CA155844-7879-4945-A156-877E07C84A97}.Debug|x64.ActiveCfg = Debug|x64
		{CA155844-7879-4945-A156-877E07C84A97}.Debug|x64.Build.0 = Debug|x64
		{CA155844-7879-4945-A156-877E07C84A97}.Debug|x86.ActiveCfg = Debug|Win32
		{CA155844-7879-4945-A156-877E07C84A97}.Debug|x86.Build.0 = Debug|Win32
		{CA155844-7879-4945-A156-877E07C84A97}.Release|x64.ActiveCfg = Release|x64
		{CA155844-7879-4945-A156-877E07C84A97}.Release|x64.Build.0 = Release|x64
		{CA155844-7879-4945-A156-877E07C84A97}.Release|x86.ActiveCfg = Release|Win32
		{CA155844-7879-4945-A156-877E07C84A97}.Release|x86.Build.0 = Release|Win32
		{70CEFCCA-CC96-482D-AC66-BFD972BF7AF0}.Debug|x64.ActiveCfg = Debug|x64
		{70CEFCCA-CC96-482D-AC66-BFD972BF7AF0}.Debug|x64.Build.0 = Debug|x64
		{70CEFCCA-CC96-482D-AC66-BFD972BF7AF0}.Debug|x86.ActiveCfg = Debug|Win32
		{70CEFCCA-CC96-482D-AC66-BFD972BF7AF0}.Debug|x86.Build.0 = Debug|Win32
		{70CEFCCA-CC96-482D-AC66-BFD972BF7AF0}.Release|x64.ActiveCfg = Release|x64
		{70CEFCCA-CC96-482D-AC66-BFD972BF7AF0}.Release|x64.Build.0 = Release|x64
		{70CEFCCA-CC96-482D-AC66-BFD972BF7AF0}.Release|x86.ActiveCfg = Release|Win32
		{70CEFCCA-CC96-482D-AC66-BFD972BF7AF0}.Release|x86.Build.0 = Release|Win32
	EndGlobalSection
	GlobalSection(SolutionProperties) = preSolution
		HideSolutionNode = FALSE
	EndGlobalSection
	GlobalSection(ExtensibilityGlobals) = postSolution
		SolutionGuid = {6E710022-0DAA-4DE2-B78A-7A6A456DCE6C}
	EndGlobalSection
EndGlobal
